<Solution>
  <Project Path="../../TicketingSystem.Application/TicketingSystem.Application.csproj" />
  <Project Path="../../TicketingSystem.DAL.EF/TicketingSystem.DAL.EF.csproj" />
  <Project Path="../../TicketingSystem.DAL/TicketingSystem.DAL.csproj" />
  <Project Path="../../TicketingSystem.Domain/TicketingSystem.Domain.csproj" />
</Solution>
